
Microsoft Visual Studio Solution File, Format Version 12.00
# Visual Studio 15
VisualStudioVersion = 15.0.28307.757
MinimumVisualStudioVersion = 10.0.40219.1
Project("{FAE04EC0-301F-11D3-BF4B-00C04F79EFBC}") = "DotNetRemoting", "DotNetRemoting\DotNetRemoting.csproj", "{3A460255-C4F8-47FD-BDFA-6BBEBDFA7CEA}"
EndProject
Global
	GlobalSection(SolutionConfigurationPlatforms) = preSolution
		Debug|Any CPU = Debug|Any CPU
		Release|Any CPU = Release|Any CPU
	EndGlobalSection
	GlobalSection(ProjectConfigurationPlatforms) = postSolution
		{3A460255-C4F8-47FD-BDFA-6BBEBDFA7CEA}.Debug|Any CPU.ActiveCfg = Debug|Any CPU
		{3A460255-C4F8-47FD-BDFA-6BBEBDFA7CEA}.Debug|Any CPU.Build.0 = Debug|Any CPU
		{3A460255-C4F8-47FD-BDFA-6BBEBDFA7CEA}.Release|Any CPU.ActiveCfg = Release|Any CPU
		{3A460255-C4F8-47FD-BDFA-6BBEBDFA7CEA}.Release|Any CPU.Build.0 = Release|Any CPU
	EndGlobalSection
	GlobalSection(SolutionProperties) = preSolution
		HideSolutionNode = FALSE
	EndGlobalSection
	GlobalSection(ExtensibilityGlobals) = postSolution
		SolutionGuid = {D29DB223-15EE-4511-BD77-41C52BE73FD1}
	EndGlobalSection
EndGlobal
